// !$*UTF8*$!
{
	archiveVersion = 1;
	classes = {
	};
	objectVersion = 46;
	objects = {

/* Begin PBXBuildFile section */
		88A3E3D61427D84600E66BE3 /* Point.cpp in Sources */ = {isa = PBXBuildFile; fileRef = 88A3E3D11427D84600E66BE3 /* Point.cpp */; };
		88A3E3D71427D84600E66BE3 /* Polygon.cpp in Sources */ = {isa = PBXBuildFile; fileRef = 88A3E3D31427D84600E66BE3 /* Polygon.cpp */; };
		88A3E3D81427D84600E66BE3 /* Prog2.cpp in Sources */ = {isa = PBXBuildFile; fileRef = 88A3E3D51427D84600E66BE3 /* Prog2.cpp */; };
/* End PBXBuildFile section */

/* Begin PBXCopyFilesBuildPhase section */
		88A3E3C21427D7F900E66BE3 /* CopyFiles */ = {
			isa = PBXCopyFilesBuildPhase;
			buildActionMask = 2147483647;
			dstPath = /usr/share/man/man1/;
			dstSubfolderSpec = 0;
			files = (
			);
			runOnlyForDeploymentPostprocessing = 1;
		};
/* End PBXCopyFilesBuildPhase section */

/* Begin PBXFileReference section */
		88A3E3C41427D7F900E66BE3 /* Prog2 */ = {isa = PBXFileReference; explicitFileType = "compiled.mach-o.executable"; includeInIndex = 0; path = Prog2; sourceTree = BUILT_PRODUCTS_DIR; };
		88A3E3D11427D84600E66BE3 /* Point.cpp */ = {isa = PBXFileReference; fileEncoding = 4; lastKnownFileType = sourcecode.cpp.cpp; path = Point.cpp; sourceTree = "<group>"; };
		88A3E3D21427D84600E66BE3 /* Point.h */ = {isa = PBXFileReference; fileEncoding = 4; lastKnownFileType = sourcecode.c.h; path = Point.h; sourceTree = "<group>"; };
		88A3E3D31427D84600E66BE3 /* Polygon.cpp */ = {isa = PBXFileReference; fileEncoding = 4; lastKnownFileType = sourcecode.cpp.cpp; path = Polygon.cpp; sourceTree = "<group>"; };
		88A3E3D41427D84600E66BE3 /* Polygon.h */ = {isa = PBXFileReference; fileEncoding = 4; lastKnownFileType = sourcecode.c.h; path = Polygon.h; sourceTree = "<group>"; };
		88A3E3D51427D84600E66BE3 /* Prog2.cpp */ = {isa = PBXFileReference; fileEncoding = 4; lastKnownFileType = sourcecode.cpp.cpp; path = Prog2.cpp; sourceTree = "<group>"; };
/* End PBXFileReference section */

/* Begin PBXFrameworksBuildPhase section */
		88A3E3C11427D7F900E66BE3 /* Frameworks */ = {
			isa = PBXFrameworksBuildPhase;
			buildActionMask = 2147483647;
			files = (
			);
			runOnlyForDeploymentPostprocessing = 0;
		};
/* End PBXFrameworksBuildPhase section */

/* Begin PBXGroup section */
		88A3E3B91427D7F800E66BE3 = {
			isa = PBXGroup;
			children = (
				88A3E3C71427D7F900E66BE3 /* Proj2 */,
				88A3E3C51427D7F900E66BE3 /* Products */,
			);
			sourceTree = "<group>";
		};
		88A3E3C51427D7F900E66BE3 /* Products */ = {
			isa = PBXGroup;
			children = (
				88A3E3C41427D7F900E66BE3 /* Prog2 */,
			);
			name = Products;
			sourceTree = "<group>";
		};
		88A3E3C71427D7F900E66BE3 /* Proj2 */ = {
			isa = PBXGroup;
			children = (
				88A3E3D11427D84600E66BE3 /* Point.cpp */,
				88A3E3D21427D84600E66BE3 /* Point.h */,
				88A3E3D31427D84600E66BE3 /* Polygon.cpp */,
				88A3E3D41427D84600E66BE3 /* Polygon.h */,
				88A3E3D51427D84600E66BE3 /* Prog2.cpp */,
			);
			path = Proj2;
			sourceTree = "<group>";
		};
/* End PBXGroup section */

/* Begin PBXNativeTarget section */
		88A3E3C31427D7F900E66BE3 /* Proj2 */ = {
			isa = PBXNativeTarget;
			buildConfigurationList = 88A3E3CE1427D7F900E66BE3 /* Build configuration list for PBXNativeTarget "Proj2" */;
			buildPhases = (
				88A3E3C01427D7F900E66BE3 /* Sources */,
				88A3E3C11427D7F900E66BE3 /* Frameworks */,
				88A3E3C21427D7F900E66BE3 /* CopyFiles */,
			);
			buildRules = (
			);
			dependencies = (
			);
			name = Proj2;
			productName = Proj2;
			productReference = 88A3E3C41427D7F900E66BE3 /* Prog2 */;
			productType = "com.apple.product-type.tool";
		};
/* End PBXNativeTarget section */

/* Begin PBXProject section */
		88A3E3BB1427D7F800E66BE3 /* Project object */ = {
			isa = PBXProject;
			attributes = {
				LastUpgradeCheck = 0410;
			};
			buildConfigurationList = 88A3E3BE1427D7F800E66BE3 /* Build configuration list for PBXProject "Proj2" */;
			compatibilityVersion = "Xcode 3.2";
			developmentRegion = English;
			hasScannedForEncodings = 0;
			knownRegions = (
				en,
			);
			mainGroup = 88A3E3B91427D7F800E66BE3;
			productRefGroup = 88A3E3C51427D7F900E66BE3 /* Products */;
			projectDirPath = "";
			projectRoot = "";
			targets = (
				88A3E3C31427D7F900E66BE3 /* Proj2 */,
			);
		};
/* End PBXProject section */

/* Begin PBXSourcesBuildPhase section */
		88A3E3C01427D7F900E66BE3 /* Sources */ = {
			isa = PBXSourcesBuildPhase;
			buildActionMask = 2147483647;
			files = (
				88A3E3D61427D84600E66BE3 /* Point.cpp in Sources */,
				88A3E3D71427D84600E66BE3 /* Polygon.cpp in Sources */,
				88A3E3D81427D84600E66BE3 /* Prog2.cpp in Sources */,
			);
			runOnlyForDeploymentPostprocessing = 0;
		};
/* End PBXSourcesBuildPhase section */

/* Begin XCBuildConfiguration section */
		88A3E3CC1427D7F900E66BE3 /* Debug */ = {
			isa = XCBuildConfiguration;
			buildSettings = {
				ALWAYS_SEARCH_USER_PATHS = NO;
				ARCHS = "$(ARCHS_STANDARD_64_BIT)";
				COPY_PHASE_STRIP = NO;
				GCC_C_LANGUAGE_STANDARD = gnu99;
				GCC_DYNAMIC_NO_PIC = NO;
				GCC_ENABLE_OBJC_EXCEPTIONS = NO;
				GCC_INPUT_FILETYPE = automatic;
				GCC_OPTIMIZATION_LEVEL = 0;
				GCC_PREPROCESSOR_DEFINITIONS = (
					"DEBUG=1",
					"$(inherited)",
				);
				GCC_SYMBOLS_PRIVATE_EXTERN = NO;
				GCC_VERSION = 4.2;
				GCC_WARN_64_TO_32_BIT_CONVERSION = YES;
				GCC_WARN_ABOUT_MISSING_PROTOTYPES = YES;
				GCC_WARN_ABOUT_RETURN_TYPE = YES;
				GCC_WARN_UNUSED_VARIABLE = YES;
				MACOSX_DEPLOYMENT_TARGET = 10.7;
				ONLY_ACTIVE_ARCH = YES;
				SDKROOT = macosx;
			};
			name = Debug;
		};
		88A3E3CD1427D7F900E66BE3 /* Release */ = {
			isa = XCBuildConfiguration;
			buildSettings = {
				ALWAYS_SEARCH_USER_PATHS = NO;
				ARCHS = "$(ARCHS_STANDARD_64_BIT)";
				COPY_PHASE_STRIP = YES;
				DEBUG_INFORMATION_FORMAT = "dwarf-with-dsym";
				GCC_C_LANGUAGE_STANDARD = gnu99;
				GCC_ENABLE_OBJC_EXCEPTIONS = NO;
				GCC_INPUT_FILETYPE = automatic;
				GCC_VERSION = 4.2;
				GCC_WARN_64_TO_32_BIT_CONVERSION = YES;
				GCC_WARN_ABOUT_MISSING_PROTOTYPES = YES;
				GCC_WARN_ABOUT_RETURN_TYPE = YES;
				GCC_WARN_UNUSED_VARIABLE = YES;
				MACOSX_DEPLOYMENT_TARGET = 10.7;
				SDKROOT = macosx;
			};
			name = Release;
		};
		88A3E3CF1427D7F900E66BE3 /* Debug */ = {
			isa = XCBuildConfiguration;
			buildSettings = {
				GCC_INPUT_FILETYPE = automatic;
				GCC_VERSION = 4.2;
				PRODUCT_NAME = Prog2;
				RUN_CLANG_STATIC_ANALYZER = YES;
				SCAN_ALL_SOURCE_FILES_FOR_INCLUDES = YES;
				VALIDATE_PRODUCT = YES;
				VERSIONING_SYSTEM = "";
				WARNING_CFLAGS = "-Wall";
			};
			name = Debug;
		};
		88A3E3D01427D7F900E66BE3 /* Release */ = {
			isa = XCBuildConfiguration;
			buildSettings = {
				GCC_INPUT_FILETYPE = automatic;
				GCC_VERSION = 4.2;
				PRODUCT_NAME = Prog2;
				RUN_CLANG_STATIC_ANALYZER = YES;
				SCAN_ALL_SOURCE_FILES_FOR_INCLUDES = YES;
				VALIDATE_PRODUCT = YES;
				VERSIONING_SYSTEM = "";
				WARNING_CFLAGS = "-Wall";
			};
			name = Release;
		};
/* End XCBuildConfiguration section */

/* Begin XCConfigurationList section */
		88A3E3BE1427D7F800E66BE3 /* Build configuration list for PBXProject "Proj2" */ = {
			isa = XCConfigurationList;
			buildConfigurations = (
				88A3E3CC1427D7F900E66BE3 /* Debug */,
				88A3E3CD1427D7F900E66BE3 /* Release */,
			);
			defaultConfigurationIsVisible = 0;
			defaultConfigurationName = Release;
		};
		88A3E3CE1427D7F900E66BE3 /* Build configuration list for PBXNativeTarget "Proj2" */ = {
			isa = XCConfigurationList;
			buildConfigurations = (
				88A3E3CF1427D7F900E66BE3 /* Debug */,
				88A3E3D01427D7F900E66BE3 /* Release */,
			);
			defaultConfigurationIsVisible = 0;
			defaultConfigurationName = Release;
		};
/* End XCConfigurationList section */
	};
	rootObject = 88A3E3BB1427D7F800E66BE3 /* Project object */;
}
